
Microsoft Visual Studio Solution File, Format Version 12.00
# Visual Studio Version 16
VisualStudioVersion = 16.0.30907.101
MinimumVisualStudioVersion = 10.0.40219.1
Project("{FAE04EC0-301F-11D3-BF4B-00C04F79EFBC}") = "AudioTest", "AudioTest\AudioTest.csproj", "{AE9064CF-333C-46CE-B0EC-200B98E3C80F}"
EndProject
Project("{FAE04EC0-301F-11D3-BF4B-00C04F79EFBC}") = "Null.MciPlayer", "Null.MciPlayer\Null.MciPlayer.csproj", "{37763421-4040-41EB-84E1-64A4A4D33A23}"
EndProject
Project("{FAE04EC0-301F-11D3-BF4B-00C04F79EFBC}") = "TestConsole", "TestConsole\TestConsole.csproj", "{96B76ACD-DB77-4C72-B324-5F079DFB327D}"
EndProject
Project("{9A19103F-16F7-4668-BE54-9A1E7A4F7556}") = "NAudioRecordTest", "NAudioRecordTest\NAudioRecordTest.csproj", "{2EF413D2-5D13-4A19-83E1-779BDFD808D9}"
EndProject
Project("{9A19103F-16F7-4668-BE54-9A1E7A4F7556}") = "Null.AudioSync", "Null.AudioSync\Null.AudioSync.csproj", "{612FC0AB-93FB-4BED-9056-2B0A5317E9AD}"
EndProject
Project("{9A19103F-16F7-4668-BE54-9A1E7A4F7556}") = "AudioVisualizer", "AudioVisualizer\AudioVisualizer.csproj", "{C985AC7D-8E66-48C9-B20E-8B39F2E5070A}"
EndProject
Project("{9A19103F-16F7-4668-BE54-9A1E7A4F7556}") = "Beep", "Beep\Beep.csproj", "{A3772475-4F6B-4BF5-8FF2-0E2914D82B56}"
EndProject
Project("{FAE04EC0-301F-11D3-BF4B-00C04F79EFBC}") = "NullLib.AudioVisualization", "NullLib.AudioVisualization\NullLib.AudioVisualization.csproj", "{5F2E9452-C01B-4EDF-895E-9CCC1FE4EAD7}"
EndProject
Global
	GlobalSection(SolutionConfigurationPlatforms) = preSolution
		Debug|Any CPU = Debug|Any CPU
		Release|Any CPU = Release|Any CPU
	EndGlobalSection
	GlobalSection(ProjectConfigurationPlatforms) = postSolution
		{AE9064CF-333C-46CE-B0EC-200B98E3C80F}.Debug|Any CPU.ActiveCfg = Debug|Any CPU
		{AE9064CF-333C-46CE-B0EC-200B98E3C80F}.Debug|Any CPU.Build.0 = Debug|Any CPU
		{AE9064CF-333C-46CE-B0EC-200B98E3C80F}.Release|Any CPU.ActiveCfg = Release|Any CPU
		{AE9064CF-333C-46CE-B0EC-200B98E3C80F}.Release|Any CPU.Build.0 = Release|Any CPU
		{37763421-4040-41EB-84E1-64A4A4D33A23}.Debug|Any CPU.ActiveCfg = Debug|Any CPU
		{37763421-4040-41EB-84E1-64A4A4D33A23}.Debug|Any CPU.Build.0 = Debug|Any CPU
		{37763421-4040-41EB-84E1-64A4A4D33A23}.Release|Any CPU.ActiveCfg = Release|Any CPU
		{37763421-4040-41EB-84E1-64A4A4D33A23}.Release|Any CPU.Build.0 = Release|Any CPU
		{96B76ACD-DB77-4C72-B324-5F079DFB327D}.Debug|Any CPU.ActiveCfg = Debug|Any CPU
		{96B76ACD-DB77-4C72-B324-5F079DFB327D}.Debug|Any CPU.Build.0 = Debug|Any CPU
		{96B76ACD-DB77-4C72-B324-5F079DFB327D}.Release|Any CPU.ActiveCfg = Release|Any CPU
		{96B76ACD-DB77-4C72-B324-5F079DFB327D}.Release|Any CPU.Build.0 = Release|Any CPU
		{2EF413D2-5D13-4A19-83E1-779BDFD808D9}.Debug|Any CPU.ActiveCfg = Debug|Any CPU
		{2EF413D2-5D13-4A19-83E1-779BDFD808D9}.Debug|Any CPU.Build.0 = Debug|Any CPU
		{2EF413D2-5D13-4A19-83E1-779BDFD808D9}.Release|Any CPU.ActiveCfg = Release|Any CPU
		{2EF413D2-5D13-4A19-83E1-779BDFD808D9}.Release|Any CPU.Build.0 = Release|Any CPU
		{612FC0AB-93FB-4BED-9056-2B0A5317E9AD}.Debug|Any CPU.ActiveCfg = Debug|Any CPU
		{612FC0AB-93FB-4BED-9056-2B0A5317E9AD}.Debug|Any CPU.Build.0 = Debug|Any CPU
		{612FC0AB-93FB-4BED-9056-2B0A5317E9AD}.Release|Any CPU.ActiveCfg = Release|Any CPU
		{612FC0AB-93FB-4BED-9056-2B0A5317E9AD}.Release|Any CPU.Build.0 = Release|Any CPU
		{C985AC7D-8E66-48C9-B20E-8B39F2E5070A}.Debug|Any CPU.ActiveCfg = Debug|Any CPU
		{C985AC7D-8E66-48C9-B20E-8B39F2E5070A}.Debug|Any CPU.Build.0 = Debug|Any CPU
		{C985AC7D-8E66-48C9-B20E-8B39F2E5070A}.Release|Any CPU.ActiveCfg = Release|Any CPU
		{C985AC7D-8E66-48C9-B20E-8B39F2E5070A}.Release|Any CPU.Build.0 = Release|Any CPU
		{A3772475-4F6B-4BF5-8FF2-0E2914D82B56}.Debug|Any CPU.ActiveCfg = Debug|Any CPU
		{A3772475-4F6B-4BF5-8FF2-0E2914D82B56}.Debug|Any CPU.Build.0 = Debug|Any CPU
		{A3772475-4F6B-4BF5-8FF2-0E2914D82B56}.Release|Any CPU.ActiveCfg = Release|Any CPU
		{A3772475-4F6B-4BF5-8FF2-0E2914D82B56}.Release|Any CPU.Build.0 = Release|Any CPU
		{5F2E9452-C01B-4EDF-895E-9CCC1FE4EAD7}.Debug|Any CPU.ActiveCfg = Debug|Any CPU
		{5F2E9452-C01B-4EDF-895E-9CCC1FE4EAD7}.Debug|Any CPU.Build.0 = Debug|Any CPU
		{5F2E9452-C01B-4EDF-895E-9CCC1FE4EAD7}.Release|Any CPU.ActiveCfg = Release|Any CPU
		{5F2E9452-C01B-4EDF-895E-9CCC1FE4EAD7}.Release|Any CPU.Build.0 = Release|Any CPU
	EndGlobalSection
	GlobalSection(SolutionProperties) = preSolution
		HideSolutionNode = FALSE
	EndGlobalSection
	GlobalSection(ExtensibilityGlobals) = postSolution
		SolutionGuid = {C417F213-9A05-4DC3-8026-4BCB4914B97A}
	EndGlobalSection
EndGlobal
